// !$*UTF8*$!
{
	archiveVersion = 1;
	classes = {
	};
	objectVersion = 56;
	objects = {

/* Begin PBXBuildFile section */
		97268BF129A89ABF0006AF55 /* CoreDataWidgetFirstPracticeApp.swift in Sources */ = {isa = PBXBuildFile; fileRef = 97268BF029A89ABF0006AF55 /* CoreDataWidgetFirstPracticeApp.swift */; };
		97268BF329A89ABF0006AF55 /* ContentView.swift in Sources */ = {isa = PBXBuildFile; fileRef = 97268BF229A89ABF0006AF55 /* ContentView.swift */; };
		97268BF529A89AC00006AF55 /* Assets.xcassets in Resources */ = {isa = PBXBuildFile; fileRef = 97268BF429A89AC00006AF55 /* Assets.xcassets */; };
		97268BF829A89AC00006AF55 /* Preview Assets.xcassets in Resources */ = {isa = PBXBuildFile; fileRef = 97268BF729A89AC00006AF55 /* Preview Assets.xcassets */; };
		97268BFA29A89AC00006AF55 /* Persistence.swift in Sources */ = {isa = PBXBuildFile; fileRef = 97268BF929A89AC00006AF55 /* Persistence.swift */; };
		97268BFD29A89AC00006AF55 /* CoreDataWidgetFirstPractice.xcdatamodeld in Sources */ = {isa = PBXBuildFile; fileRef = 97268BFB29A89AC00006AF55 /* CoreDataWidgetFirstPractice.xcdatamodeld */; };
		97268C0A29A89BEE0006AF55 /* WidgetKit.framework in Frameworks */ = {isa = PBXBuildFile; fileRef = 97268C0929A89BEE0006AF55 /* WidgetKit.framework */; };
		97268C0C29A89BEE0006AF55 /* SwiftUI.framework in Frameworks */ = {isa = PBXBuildFile; fileRef = 97268C0B29A89BEE0006AF55 /* SwiftUI.framework */; };
		97268C0F29A89BEE0006AF55 /* CoreDataWidgetBundle.swift in Sources */ = {isa = PBXBuildFile; fileRef = 97268C0E29A89BEE0006AF55 /* CoreDataWidgetBundle.swift */; };
		97268C1129A89BEE0006AF55 /* CoreDataWidget.swift in Sources */ = {isa = PBXBuildFile; fileRef = 97268C1029A89BEE0006AF55 /* CoreDataWidget.swift */; };
		97268C1329A89BEF0006AF55 /* Assets.xcassets in Resources */ = {isa = PBXBuildFile; fileRef = 97268C1229A89BEF0006AF55 /* Assets.xcassets */; };
		97268C1729A89BEF0006AF55 /* CoreDataWidgetExtension.appex in Embed Foundation Extensions */ = {isa = PBXBuildFile; fileRef = 97268C0729A89BEE0006AF55 /* CoreDataWidgetExtension.appex */; settings = {ATTRIBUTES = (RemoveHeadersOnCopy, ); }; };
		97268C1E29A8A6A70006AF55 /* CoreDataWidgetFirstPractice.xcdatamodeld in Sources */ = {isa = PBXBuildFile; fileRef = 97268BFB29A89AC00006AF55 /* CoreDataWidgetFirstPractice.xcdatamodeld */; };
		97268C1F29A8A6F30006AF55 /* Persistence.swift in Sources */ = {isa = PBXBuildFile; fileRef = 97268BF929A89AC00006AF55 /* Persistence.swift */; };
		97AE5DEA29C8651F005E7A50 /* Intents.intentdefinition in Sources */ = {isa = PBXBuildFile; fileRef = 97AE5DE929C8651F005E7A50 /* Intents.intentdefinition */; };
		97AE5DEC29C86762005E7A50 /* Intents.intentdefinition in Sources */ = {isa = PBXBuildFile; fileRef = 97AE5DE929C8651F005E7A50 /* Intents.intentdefinition */; };
		97AE5E1429CC4E47005E7A50 /* Intents.framework in Frameworks */ = {isa = PBXBuildFile; fileRef = 97AE5E1329CC4E47005E7A50 /* Intents.framework */; };
		97AE5E1729CC4E47005E7A50 /* IntentHandler.swift in Sources */ = {isa = PBXBuildFile; fileRef = 97AE5E1629CC4E47005E7A50 /* IntentHandler.swift */; };
		97AE5E1B29CC4E47005E7A50 /* CoreDataIntent.appex in Embed Foundation Extensions */ = {isa = PBXBuildFile; fileRef = 97AE5E1229CC4E47005E7A50 /* CoreDataIntent.appex */; settings = {ATTRIBUTES = (RemoveHeadersOnCopy, ); }; };
		97AE5E4029CE4E61005E7A50 /* Intents.intentdefinition in Sources */ = {isa = PBXBuildFile; fileRef = 97AE5DE929C8651F005E7A50 /* Intents.intentdefinition */; };
		97AE5E4129CE4E91005E7A50 /* Persistence.swift in Sources */ = {isa = PBXBuildFile; fileRef = 97268BF929A89AC00006AF55 /* Persistence.swift */; };
		97AE5E4229CE4E99005E7A50 /* CoreDataWidgetFirstPractice.xcdatamodeld in Sources */ = {isa = PBXBuildFile; fileRef = 97268BFB29A89AC00006AF55 /* CoreDataWidgetFirstPractice.xcdatamodeld */; };
/* End PBXBuildFile section */

/* Begin PBXContainerItemProxy section */
		97268C1529A89BEF0006AF55 /* PBXContainerItemProxy */ = {
			isa = PBXContainerItemProxy;
			containerPortal = 97268BE529A89ABF0006AF55 /* Project object */;
			proxyType = 1;
			remoteGlobalIDString = 97268C0629A89BEE0006AF55;
			remoteInfo = CoreDataWidgetExtension;
		};
		97AE5E1929CC4E47005E7A50 /* PBXContainerItemProxy */ = {
			isa = PBXContainerItemProxy;
			containerPortal = 97268BE529A89ABF0006AF55 /* Project object */;
			proxyType = 1;
			remoteGlobalIDString = 97AE5E1129CC4E47005E7A50;
			remoteInfo = CoreDataIntent;
		};
/* End PBXContainerItemProxy section */

/* Begin PBXCopyFilesBuildPhase section */
		97268C1B29A89BEF0006AF55 /* Embed Foundation Extensions */ = {
			isa = PBXCopyFilesBuildPhase;
			buildActionMask = 2147483647;
			dstPath = "";
			dstSubfolderSpec = 13;
			files = (
				97268C1729A89BEF0006AF55 /* CoreDataWidgetExtension.appex in Embed Foundation Extensions */,
				97AE5E1B29CC4E47005E7A50 /* CoreDataIntent.appex in Embed Foundation Extensions */,
			);
			name = "Embed Foundation Extensions";
			runOnlyForDeploymentPostprocessing = 0;
		};
/* End PBXCopyFilesBuildPhase section */

/* Begin PBXFileReference section */
		97268BED29A89ABF0006AF55 /* CoreDataWidgetFirstPractice.app */ = {isa = PBXFileReference; explicitFileType = wrapper.application; includeInIndex = 0; path = CoreDataWidgetFirstPractice.app; sourceTree = BUILT_PRODUCTS_DIR; };
		97268BF029A89ABF0006AF55 /* CoreDataWidgetFirstPracticeApp.swift */ = {isa = PBXFileReference; lastKnownFileType = sourcecode.swift; path = CoreDataWidgetFirstPracticeApp.swift; sourceTree = "<group>"; };
		97268BF229A89ABF0006AF55 /* ContentView.swift */ = {isa = PBXFileReference; lastKnownFileType = sourcecode.swift; path = ContentView.swift; sourceTree = "<group>"; };
		97268BF429A89AC00006AF55 /* Assets.xcassets */ = {isa = PBXFileReference; lastKnownFileType = folder.assetcatalog; path = Assets.xcassets; sourceTree = "<group>"; };
		97268BF729A89AC00006AF55 /* Preview Assets.xcassets */ = {isa = PBXFileReference; lastKnownFileType = folder.assetcatalog; path = "Preview Assets.xcassets"; sourceTree = "<group>"; };
		97268BF929A89AC00006AF55 /* Persistence.swift */ = {isa = PBXFileReference; lastKnownFileType = sourcecode.swift; path = Persistence.swift; sourceTree = "<group>"; };
		97268BFC29A89AC00006AF55 /* CoreDataWidgetFirstPractice.xcdatamodel */ = {isa = PBXFileReference; lastKnownFileType = wrapper.xcdatamodel; path = CoreDataWidgetFirstPractice.xcdatamodel; sourceTree = "<group>"; };
		97268C0729A89BEE0006AF55 /* CoreDataWidgetExtension.appex */ = {isa = PBXFileReference; explicitFileType = "wrapper.app-extension"; includeInIndex = 0; path = CoreDataWidgetExtension.appex; sourceTree = BUILT_PRODUCTS_DIR; };
		97268C0929A89BEE0006AF55 /* WidgetKit.framework */ = {isa = PBXFileReference; lastKnownFileType = wrapper.framework; name = WidgetKit.framework; path = System/Library/Frameworks/WidgetKit.framework; sourceTree = SDKROOT; };
		97268C0B29A89BEE0006AF55 /* SwiftUI.framework */ = {isa = PBXFileReference; lastKnownFileType = wrapper.framework; name = SwiftUI.framework; path = System/Library/Frameworks/SwiftUI.framework; sourceTree = SDKROOT; };
		97268C0E29A89BEE0006AF55 /* CoreDataWidgetBundle.swift */ = {isa = PBXFileReference; lastKnownFileType = sourcecode.swift; path = CoreDataWidgetBundle.swift; sourceTree = "<group>"; };
		97268C1029A89BEE0006AF55 /* CoreDataWidget.swift */ = {isa = PBXFileReference; lastKnownFileType = sourcecode.swift; path = CoreDataWidget.swift; sourceTree = "<group>"; };
		97268C1229A89BEF0006AF55 /* Assets.xcassets */ = {isa = PBXFileReference; lastKnownFileType = folder.assetcatalog; path = Assets.xcassets; sourceTree = "<group>"; };
		97268C1429A89BEF0006AF55 /* Info.plist */ = {isa = PBXFileReference; lastKnownFileType = text.plist.xml; path = Info.plist; sourceTree = "<group>"; };
		97268C1C29A89E2B0006AF55 /* CoreDataWidgetExtension.entitlements */ = {isa = PBXFileReference; lastKnownFileType = text.plist.entitlements; path = CoreDataWidgetExtension.entitlements; sourceTree = "<group>"; };
		97268C1D29A8A1AA0006AF55 /* CoreDataWidgetFirstPractice.entitlements */ = {isa = PBXFileReference; lastKnownFileType = text.plist.entitlements; path = CoreDataWidgetFirstPractice.entitlements; sourceTree = "<group>"; };
		97AE5DE929C8651F005E7A50 /* Intents.intentdefinition */ = {isa = PBXFileReference; lastKnownFileType = file.intentdefinition; path = Intents.intentdefinition; sourceTree = "<group>"; };
		97AE5DEB29C866C8005E7A50 /* Info.plist */ = {isa = PBXFileReference; lastKnownFileType = text.plist; path = Info.plist; sourceTree = "<group>"; };
		97AE5E1229CC4E47005E7A50 /* CoreDataIntent.appex */ = {isa = PBXFileReference; explicitFileType = "wrapper.app-extension"; includeInIndex = 0; path = CoreDataIntent.appex; sourceTree = BUILT_PRODUCTS_DIR; };
		97AE5E1329CC4E47005E7A50 /* Intents.framework */ = {isa = PBXFileReference; lastKnownFileType = wrapper.framework; name = Intents.framework; path = System/Library/Frameworks/Intents.framework; sourceTree = SDKROOT; };
		97AE5E1629CC4E47005E7A50 /* IntentHandler.swift */ = {isa = PBXFileReference; lastKnownFileType = sourcecode.swift; path = IntentHandler.swift; sourceTree = "<group>"; };
		97AE5E1829CC4E47005E7A50 /* Info.plist */ = {isa = PBXFileReference; lastKnownFileType = text.plist.xml; path = Info.plist; sourceTree = "<group>"; };
		97AE5E1F29CD0A6B005E7A50 /* CoreDataIntent.entitlements */ = {isa = PBXFileReference; lastKnownFileType = text.plist.entitlements; path = CoreDataIntent.entitlements; sourceTree = "<group>"; };
/* End PBXFileReference section */

/* Begin PBXFrameworksBuildPhase section */
		97268BEA29A89ABF0006AF55 /* Frameworks */ = {
			isa = PBXFrameworksBuildPhase;
			buildActionMask = 2147483647;
			files = (
			);
			runOnlyForDeploymentPostprocessing = 0;
		};
		97268C0429A89BEE0006AF55 /* Frameworks */ = {
			isa = PBXFrameworksBuildPhase;
			buildActionMask = 2147483647;
			files = (
				97268C0C29A89BEE0006AF55 /* SwiftUI.framework in Frameworks */,
				97268C0A29A89BEE0006AF55 /* WidgetKit.framework in Frameworks */,
			);
			runOnlyForDeploymentPostprocessing = 0;
		};
		97AE5E0F29CC4E47005E7A50 /* Frameworks */ = {
			isa = PBXFrameworksBuildPhase;
			buildActionMask = 2147483647;
			files = (
				97AE5E1429CC4E47005E7A50 /* Intents.framework in Frameworks */,
			);
			runOnlyForDeploymentPostprocessing = 0;
		};
/* End PBXFrameworksBuildPhase section */

/* Begin PBXGroup section */
		97268BE429A89ABF0006AF55 = {
			isa = PBXGroup;
			children = (
				97268C1C29A89E2B0006AF55 /* CoreDataWidgetExtension.entitlements */,
				97268BEF29A89ABF0006AF55 /* CoreDataWidgetFirstPractice */,
				97268C0D29A89BEE0006AF55 /* CoreDataWidget */,
				97AE5E1529CC4E47005E7A50 /* CoreDataIntent */,
				97268C0829A89BEE0006AF55 /* Frameworks */,
				97268BEE29A89ABF0006AF55 /* Products */,
			);
			sourceTree = "<group>";
		};
		97268BEE29A89ABF0006AF55 /* Products */ = {
			isa = PBXGroup;
			children = (
				97268BED29A89ABF0006AF55 /* CoreDataWidgetFirstPractice.app */,
				97268C0729A89BEE0006AF55 /* CoreDataWidgetExtension.appex */,
				97AE5E1229CC4E47005E7A50 /* CoreDataIntent.appex */,
			);
			name = Products;
			sourceTree = "<group>";
		};
		97268BEF29A89ABF0006AF55 /* CoreDataWidgetFirstPractice */ = {
			isa = PBXGroup;
			children = (
				97AE5DEB29C866C8005E7A50 /* Info.plist */,
				97268C1D29A8A1AA0006AF55 /* CoreDataWidgetFirstPractice.entitlements */,
				97268BF029A89ABF0006AF55 /* CoreDataWidgetFirstPracticeApp.swift */,
				97268BF229A89ABF0006AF55 /* ContentView.swift */,
				97268BF429A89AC00006AF55 /* Assets.xcassets */,
				97268BF929A89AC00006AF55 /* Persistence.swift */,
				97268BFB29A89AC00006AF55 /* CoreDataWidgetFirstPractice.xcdatamodeld */,
				97268BF629A89AC00006AF55 /* Preview Content */,
			);
			path = CoreDataWidgetFirstPractice;
			sourceTree = "<group>";
		};
		97268BF629A89AC00006AF55 /* Preview Content */ = {
			isa = PBXGroup;
			children = (
				97268BF729A89AC00006AF55 /* Preview Assets.xcassets */,
			);
			path = "Preview Content";
			sourceTree = "<group>";
		};
		97268C0829A89BEE0006AF55 /* Frameworks */ = {
			isa = PBXGroup;
			children = (
				97268C0929A89BEE0006AF55 /* WidgetKit.framework */,
				97268C0B29A89BEE0006AF55 /* SwiftUI.framework */,
				97AE5E1329CC4E47005E7A50 /* Intents.framework */,
			);
			name = Frameworks;
			sourceTree = "<group>";
		};
		97268C0D29A89BEE0006AF55 /* CoreDataWidget */ = {
			isa = PBXGroup;
			children = (
				97268C0E29A89BEE0006AF55 /* CoreDataWidgetBundle.swift */,
				97268C1029A89BEE0006AF55 /* CoreDataWidget.swift */,
				97AE5DE929C8651F005E7A50 /* Intents.intentdefinition */,
				97268C1229A89BEF0006AF55 /* Assets.xcassets */,
				97268C1429A89BEF0006AF55 /* Info.plist */,
			);
			path = CoreDataWidget;
			sourceTree = "<group>";
		};
		97AE5E1529CC4E47005E7A50 /* CoreDataIntent */ = {
			isa = PBXGroup;
			children = (
				97AE5E1F29CD0A6B005E7A50 /* CoreDataIntent.entitlements */,
				97AE5E1629CC4E47005E7A50 /* IntentHandler.swift */,
				97AE5E1829CC4E47005E7A50 /* Info.plist */,
			);
			path = CoreDataIntent;
			sourceTree = "<group>";
		};
/* End PBXGroup section */

/* Begin PBXNativeTarget section */
		97268BEC29A89ABF0006AF55 /* CoreDataWidgetFirstPractice */ = {
			isa = PBXNativeTarget;
			buildConfigurationList = 97268C0029A89AC00006AF55 /* Build configuration list for PBXNativeTarget "CoreDataWidgetFirstPractice" */;
			buildPhases = (
				97268BE929A89ABF0006AF55 /* Sources */,
				97268BEA29A89ABF0006AF55 /* Frameworks */,
				97268BEB29A89ABF0006AF55 /* Resources */,
				97268C1B29A89BEF0006AF55 /* Embed Foundation Extensions */,
			);
			buildRules = (
			);
			dependencies = (
				97268C1629A89BEF0006AF55 /* PBXTargetDependency */,
				97AE5E1A29CC4E47005E7A50 /* PBXTargetDependency */,
			);
			name = CoreDataWidgetFirstPractice;
			productName = CoreDataWidgetFirstPractice;
			productReference = 97268BED29A89ABF0006AF55 /* CoreDataWidgetFirstPractice.app */;
			productType = "com.apple.product-type.application";
		};
		97268C0629A89BEE0006AF55 /* CoreDataWidgetExtension */ = {
			isa = PBXNativeTarget;
			buildConfigurationList = 97268C1829A89BEF0006AF55 /* Build configuration list for PBXNativeTarget "CoreDataWidgetExtension" */;
			buildPhases = (
				97268C0329A89BEE0006AF55 /* Sources */,
				97268C0429A89BEE0006AF55 /* Frameworks */,
				97268C0529A89BEE0006AF55 /* Resources */,
			);
			buildRules = (
			);
			dependencies = (
			);
			name = CoreDataWidgetExtension;
			productName = CoreDataWidgetExtension;
			productReference = 97268C0729A89BEE0006AF55 /* CoreDataWidgetExtension.appex */;
			productType = "com.apple.product-type.app-extension";
		};
		97AE5E1129CC4E47005E7A50 /* CoreDataIntent */ = {
			isa = PBXNativeTarget;
			buildConfigurationList = 97AE5E1C29CC4E47005E7A50 /* Build configuration list for PBXNativeTarget "CoreDataIntent" */;
			buildPhases = (
				97AE5E0E29CC4E47005E7A50 /* Sources */,
				97AE5E0F29CC4E47005E7A50 /* Frameworks */,
				97AE5E1029CC4E47005E7A50 /* Resources */,
			);
			buildRules = (
			);
			dependencies = (
			);
			name = CoreDataIntent;
			productName = CoreDataIntent;
			productReference = 97AE5E1229CC4E47005E7A50 /* CoreDataIntent.appex */;
			productType = "com.apple.product-type.app-extension";
		};
/* End PBXNativeTarget section */

/* Begin PBXProject section */
		97268BE529A89ABF0006AF55 /* Project object */ = {
			isa = PBXProject;
			attributes = {
				BuildIndependentTargetsInParallel = 1;
				LastSwiftUpdateCheck = 1420;
				LastUpgradeCheck = 1420;
				TargetAttributes = {
					97268BEC29A89ABF0006AF55 = {
						CreatedOnToolsVersion = 14.2;
					};
					97268C0629A89BEE0006AF55 = {
						CreatedOnToolsVersion = 14.2;
					};
					97AE5E1129CC4E47005E7A50 = {
						CreatedOnToolsVersion = 14.2;
					};
				};
			};
			buildConfigurationList = 97268BE829A89ABF0006AF55 /* Build configuration list for PBXProject "CoreDataWidgetFirstPractice" */;
			compatibilityVersion = "Xcode 14.0";
			developmentRegion = en;
			hasScannedForEncodings = 0;
			knownRegions = (
				en,
				Base,
			);
			mainGroup = 97268BE429A89ABF0006AF55;
			productRefGroup = 97268BEE29A89ABF0006AF55 /* Products */;
			projectDirPath = "";
			projectRoot = "";
			targets = (
				97268BEC29A89ABF0006AF55 /* CoreDataWidgetFirstPractice */,
				97268C0629A89BEE0006AF55 /* CoreDataWidgetExtension */,
				97AE5E1129CC4E47005E7A50 /* CoreDataIntent */,
			);
		};
/* End PBXProject section */

/* Begin PBXResourcesBuildPhase section */
		97268BEB29A89ABF0006AF55 /* Resources */ = {
			isa = PBXResourcesBuildPhase;
			buildActionMask = 2147483647;
			files = (
				97268BF829A89AC00006AF55 /* Preview Assets.xcassets in Resources */,
				97268BF529A89AC00006AF55 /* Assets.xcassets in Resources */,
			);
			runOnlyForDeploymentPostprocessing = 0;
		};
		97268C0529A89BEE0006AF55 /* Resources */ = {
			isa = PBXResourcesBuildPhase;
			buildActionMask = 2147483647;
			files = (
				97268C1329A89BEF0006AF55 /* Assets.xcassets in Resources */,
			);
			runOnlyForDeploymentPostprocessing = 0;
		};
		97AE5E1029CC4E47005E7A50 /* Resources */ = {
			isa = PBXResourcesBuildPhase;
			buildActionMask = 2147483647;
			files = (
			);
			runOnlyForDeploymentPostprocessing = 0;
		};
/* End PBXResourcesBuildPhase section */

/* Begin PBXSourcesBuildPhase section */
		97268BE929A89ABF0006AF55 /* Sources */ = {
			isa = PBXSourcesBuildPhase;
			buildActionMask = 2147483647;
			files = (
				97268BFA29A89AC00006AF55 /* Persistence.swift in Sources */,
				97268BF329A89ABF0006AF55 /* ContentView.swift in Sources */,
				97268BFD29A89AC00006AF55 /* CoreDataWidgetFirstPractice.xcdatamodeld in Sources */,
				97AE5DEA29C8651F005E7A50 /* Intents.intentdefinition in Sources */,
				97268BF129A89ABF0006AF55 /* CoreDataWidgetFirstPracticeApp.swift in Sources */,
			);
			runOnlyForDeploymentPostprocessing = 0;
		};
		97268C0329A89BEE0006AF55 /* Sources */ = {
			isa = PBXSourcesBuildPhase;
			buildActionMask = 2147483647;
			files = (
				97268C1129A89BEE0006AF55 /* CoreDataWidget.swift in Sources */,
				97268C1F29A8A6F30006AF55 /* Persistence.swift in Sources */,
				97268C0F29A89BEE0006AF55 /* CoreDataWidgetBundle.swift in Sources */,
				97AE5DEC29C86762005E7A50 /* Intents.intentdefinition in Sources */,
				97268C1E29A8A6A70006AF55 /* CoreDataWidgetFirstPractice.xcdatamodeld in Sources */,
			);
			runOnlyForDeploymentPostprocessing = 0;
		};
		97AE5E0E29CC4E47005E7A50 /* Sources */ = {
			isa = PBXSourcesBuildPhase;
			buildActionMask = 2147483647;
			files = (
				97AE5E4129CE4E91005E7A50 /* Persistence.swift in Sources */,
				97AE5E1729CC4E47005E7A50 /* IntentHandler.swift in Sources */,
				97AE5E4229CE4E99005E7A50 /* CoreDataWidgetFirstPractice.xcdatamodeld in Sources */,
				97AE5E4029CE4E61005E7A50 /* Intents.intentdefinition in Sources */,
			);
			runOnlyForDeploymentPostprocessing = 0;
		};
/* End PBXSourcesBuildPhase section */

/* Begin PBXTargetDependency section */
		97268C1629A89BEF0006AF55 /* PBXTargetDependency */ = {
			isa = PBXTargetDependency;
			target = 97268C0629A89BEE0006AF55 /* CoreDataWidgetExtension */;
			targetProxy = 97268C1529A89BEF0006AF55 /* PBXContainerItemProxy */;
		};
		97AE5E1A29CC4E47005E7A50 /* PBXTargetDependency */ = {
			isa = PBXTargetDependency;
			target = 97AE5E1129CC4E47005E7A50 /* CoreDataIntent */;
			targetProxy = 97AE5E1929CC4E47005E7A50 /* PBXContainerItemProxy */;
		};
/* End PBXTargetDependency section */

/* Begin XCBuildConfiguration section */
		97268BFE29A89AC00006AF55 /* Debug */ = {
			isa = XCBuildConfiguration;
			buildSettings = {
				ALWAYS_SEARCH_USER_PATHS = NO;
				CLANG_ANALYZER_NONNULL = YES;
				CLANG_ANALYZER_NUMBER_OBJECT_CONVERSION = YES_AGGRESSIVE;
				CLANG_CXX_LANGUAGE_STANDARD = "gnu++20";
				CLANG_ENABLE_MODULES = YES;
				CLANG_ENABLE_OBJC_ARC = YES;
				CLANG_ENABLE_OBJC_WEAK = YES;
				CLANG_WARN_BLOCK_CAPTURE_AUTORELEASING = YES;
				CLANG_WARN_BOOL_CONVERSION = YES;
				CLANG_WARN_COMMA = YES;
				CLANG_WARN_CONSTANT_CONVERSION = YES;
				CLANG_WARN_DEPRECATED_OBJC_IMPLEMENTATIONS = YES;
				CLANG_WARN_DIRECT_OBJC_ISA_USAGE = YES_ERROR;
				CLANG_WARN_DOCUMENTATION_COMMENTS = YES;
				CLANG_WARN_EMPTY_BODY = YES;
				CLANG_WARN_ENUM_CONVERSION = YES;
				CLANG_WARN_INFINITE_RECURSION = YES;
				CLANG_WARN_INT_CONVERSION = YES;
				CLANG_WARN_NON_LITERAL_NULL_CONVERSION = YES;
				CLANG_WARN_OBJC_IMPLICIT_RETAIN_SELF = YES;
				CLANG_WARN_OBJC_LITERAL_CONVERSION = YES;
				CLANG_WARN_OBJC_ROOT_CLASS = YES_ERROR;
				CLANG_WARN_QUOTED_INCLUDE_IN_FRAMEWORK_HEADER = YES;
				CLANG_WARN_RANGE_LOOP_ANALYSIS = YES;
				CLANG_WARN_STRICT_PROTOTYPES = YES;
				CLANG_WARN_SUSPICIOUS_MOVE = YES;
				CLANG_WARN_UNGUARDED_AVAILABILITY = YES_AGGRESSIVE;
				CLANG_WARN_UNREACHABLE_CODE = YES;
				CLANG_WARN__DUPLICATE_METHOD_MATCH = YES;
				COPY_PHASE_STRIP = NO;
				DEBUG_INFORMATION_FORMAT = dwarf;
				ENABLE_STRICT_OBJC_MSGSEND = YES;
				ENABLE_TESTABILITY = YES;
				GCC_C_LANGUAGE_STANDARD = gnu11;
				GCC_DYNAMIC_NO_PIC = NO;
				GCC_NO_COMMON_BLOCKS = YES;
				GCC_OPTIMIZATION_LEVEL = 0;
				GCC_PREPROCESSOR_DEFINITIONS = (
					"DEBUG=1",
					"$(inherited)",
				);
				GCC_WARN_64_TO_32_BIT_CONVERSION = YES;
				GCC_WARN_ABOUT_RETURN_TYPE = YES_ERROR;
				GCC_WARN_UNDECLARED_SELECTOR = YES;
				GCC_WARN_UNINITIALIZED_AUTOS = YES_AGGRESSIVE;
				GCC_WARN_UNUSED_FUNCTION = YES;
				GCC_WARN_UNUSED_VARIABLE = YES;
				IPHONEOS_DEPLOYMENT_TARGET = 16.2;
				MTL_ENABLE_DEBUG_INFO = INCLUDE_SOURCE;
				MTL_FAST_MATH = YES;
				ONLY_ACTIVE_ARCH = YES;
				SDKROOT = iphoneos;
				SWIFT_ACTIVE_COMPILATION_CONDITIONS = DEBUG;
				SWIFT_OPTIMIZATION_LEVEL = "-Onone";
			};
			name = Debug;
		};
		97268BFF29A89AC00006AF55 /* Release */ = {
			isa = XCBuildConfiguration;
			buildSettings = {
				ALWAYS_SEARCH_USER_PATHS = NO;
				CLANG_ANALYZER_NONNULL = YES;
				CLANG_ANALYZER_NUMBER_OBJECT_CONVERSION = YES_AGGRESSIVE;
				CLANG_CXX_LANGUAGE_STANDARD = "gnu++20";
				CLANG_ENABLE_MODULES = YES;
				CLANG_ENABLE_OBJC_ARC = YES;
				CLANG_ENABLE_OBJC_WEAK = YES;
				CLANG_WARN_BLOCK_CAPTURE_AUTORELEASING = YES;
				CLANG_WARN_BOOL_CONVERSION = YES;
				CLANG_WARN_COMMA = YES;
				CLANG_WARN_CONSTANT_CONVERSION = YES;
				CLANG_WARN_DEPRECATED_OBJC_IMPLEMENTATIONS = YES;
				CLANG_WARN_DIRECT_OBJC_ISA_USAGE = YES_ERROR;
				CLANG_WARN_DOCUMENTATION_COMMENTS = YES;
				CLANG_WARN_EMPTY_BODY = YES;
				CLANG_WARN_ENUM_CONVERSION = YES;
				CLANG_WARN_INFINITE_RECURSION = YES;
				CLANG_WARN_INT_CONVERSION = YES;
				CLANG_WARN_NON_LITERAL_NULL_CONVERSION = YES;
				CLANG_WARN_OBJC_IMPLICIT_RETAIN_SELF = YES;
				CLANG_WARN_OBJC_LITERAL_CONVERSION = YES;
				CLANG_WARN_OBJC_ROOT_CLASS = YES_ERROR;
				CLANG_WARN_QUOTED_INCLUDE_IN_FRAMEWORK_HEADER = YES;
				CLANG_WARN_RANGE_LOOP_ANALYSIS = YES;
				CLANG_WARN_STRICT_PROTOTYPES = YES;
				CLANG_WARN_SUSPICIOUS_MOVE = YES;
				CLANG_WARN_UNGUARDED_AVAILABILITY = YES_AGGRESSIVE;
				CLANG_WARN_UNREACHABLE_CODE = YES;
				CLANG_WARN__DUPLICATE_METHOD_MATCH = YES;
				COPY_PHASE_STRIP = NO;
				DEBUG_INFORMATION_FORMAT = "dwarf-with-dsym";
				ENABLE_NS_ASSERTIONS = NO;
				ENABLE_STRICT_OBJC_MSGSEND = YES;
				GCC_C_LANGUAGE_STANDARD = gnu11;
				GCC_NO_COMMON_BLOCKS = YES;
				GCC_WARN_64_TO_32_BIT_CONVERSION = YES;
				GCC_WARN_ABOUT_RETURN_TYPE = YES_ERROR;
				GCC_WARN_UNDECLARED_SELECTOR = YES;
				GCC_WARN_UNINITIALIZED_AUTOS = YES_AGGRESSIVE;
				GCC_WARN_UNUSED_FUNCTION = YES;
				GCC_WARN_UNUSED_VARIABLE = YES;
				IPHONEOS_DEPLOYMENT_TARGET = 16.2;
				MTL_ENABLE_DEBUG_INFO = NO;
				MTL_FAST_MATH = YES;
				SDKROOT = iphoneos;
				SWIFT_COMPILATION_MODE = wholemodule;
				SWIFT_OPTIMIZATION_LEVEL = "-O";
				VALIDATE_PRODUCT = YES;
			};
			name = Release;
		};
		97268C0129A89AC00006AF55 /* Debug */ = {
			isa = XCBuildConfiguration;
			buildSettings = {
				ALWAYS_EMBED_SWIFT_STANDARD_LIBRARIES = YES;
				ASSETCATALOG_COMPILER_APPICON_NAME = AppIcon;
				ASSETCATALOG_COMPILER_GLOBAL_ACCENT_COLOR_NAME = AccentColor;
				CODE_SIGN_ENTITLEMENTS = CoreDataWidgetFirstPractice/CoreDataWidgetFirstPractice.entitlements;
				CODE_SIGN_STYLE = Automatic;
				CURRENT_PROJECT_VERSION = 1;
				DEVELOPMENT_ASSET_PATHS = "\"CoreDataWidgetFirstPractice/Preview Content\"";
				DEVELOPMENT_TEAM = 2V4975L824;
				ENABLE_PREVIEWS = YES;
				GENERATE_INFOPLIST_FILE = YES;
				INFOPLIST_FILE = CoreDataWidgetFirstPractice/Info.plist;
				INFOPLIST_KEY_UIApplicationSceneManifest_Generation = YES;
				INFOPLIST_KEY_UIApplicationSupportsIndirectInputEvents = YES;
				INFOPLIST_KEY_UILaunchScreen_Generation = YES;
				INFOPLIST_KEY_UISupportedInterfaceOrientations_iPad = "UIInterfaceOrientationPortrait UIInterfaceOrientationPortraitUpsideDown UIInterfaceOrientationLandscapeLeft UIInterfaceOrientationLandscapeRight";
				INFOPLIST_KEY_UISupportedInterfaceOrientations_iPhone = "UIInterfaceOrientationPortrait UIInterfaceOrientationLandscapeLeft UIInterfaceOrientationLandscapeRight";
				LD_RUNPATH_SEARCH_PATHS = (
					"$(inherited)",
					"@executable_path/Frameworks",
				);
				MARKETING_VERSION = 1.0;
				PRODUCT_BUNDLE_IDENTIFIER = jp.co.lilossa.CoreDataWidgetFirstPractice;
				PRODUCT_NAME = "$(TARGET_NAME)";
				SWIFT_EMIT_LOC_STRINGS = YES;
				SWIFT_VERSION = 5.0;
				TARGETED_DEVICE_FAMILY = "1,2";
			};
			name = Debug;
		};
		97268C0229A89AC00006AF55 /* Release */ = {
			isa = XCBuildConfiguration;
			buildSettings = {
				ALWAYS_EMBED_SWIFT_STANDARD_LIBRARIES = YES;
				ASSETCATALOG_COMPILER_APPICON_NAME = AppIcon;
				ASSETCATALOG_COMPILER_GLOBAL_ACCENT_COLOR_NAME = AccentColor;
				CODE_SIGN_ENTITLEMENTS = CoreDataWidgetFirstPractice/CoreDataWidgetFirstPractice.entitlements;
				CODE_SIGN_STYLE = Automatic;
				CURRENT_PROJECT_VERSION = 1;
				DEVELOPMENT_ASSET_PATHS = "\"CoreDataWidgetFirstPractice/Preview Content\"";
				DEVELOPMENT_TEAM = 2V4975L824;
				ENABLE_PREVIEWS = YES;
				GENERATE_INFOPLIST_FILE = YES;
				INFOPLIST_FILE = CoreDataWidgetFirstPractice/Info.plist;
				INFOPLIST_KEY_UIApplicationSceneManifest_Generation = YES;
				INFOPLIST_KEY_UIApplicationSupportsIndirectInputEvents = YES;
				INFOPLIST_KEY_UILaunchScreen_Generation = YES;
				INFOPLIST_KEY_UISupportedInterfaceOrientations_iPad = "UIInterfaceOrientationPortrait UIInterfaceOrientationPortraitUpsideDown UIInterfaceOrientationLandscapeLeft UIInterfaceOrientationLandscapeRight";
				INFOPLIST_KEY_UISupportedInterfaceOrientations_iPhone = "UIInterfaceOrientationPortrait UIInterfaceOrientationLandscapeLeft UIInterfaceOrientationLandscapeRight";
				LD_RUNPATH_SEARCH_PATHS = (
					"$(inherited)",
					"@executable_path/Frameworks",
				);
				MARKETING_VERSION = 1.0;
				PRODUCT_BUNDLE_IDENTIFIER = jp.co.lilossa.CoreDataWidgetFirstPractice;
				PRODUCT_NAME = "$(TARGET_NAME)";
				SWIFT_EMIT_LOC_STRINGS = YES;
				SWIFT_VERSION = 5.0;
				TARGETED_DEVICE_FAMILY = "1,2";
			};
			name = Release;
		};
		97268C1929A89BEF0006AF55 /* Debug */ = {
			isa = XCBuildConfiguration;
			buildSettings = {
				ASSETCATALOG_COMPILER_GLOBAL_ACCENT_COLOR_NAME = AccentColor;
				ASSETCATALOG_COMPILER_WIDGET_BACKGROUND_COLOR_NAME = WidgetBackground;
				CODE_SIGN_ENTITLEMENTS = CoreDataWidgetExtension.entitlements;
				CODE_SIGN_STYLE = Automatic;
				CURRENT_PROJECT_VERSION = 1;
				DEVELOPMENT_TEAM = 2V4975L824;
				GENERATE_INFOPLIST_FILE = YES;
				INFOPLIST_FILE = CoreDataWidget/Info.plist;
				INFOPLIST_KEY_CFBundleDisplayName = CoreDataWidget;
				INFOPLIST_KEY_NSHumanReadableCopyright = "";
				LD_RUNPATH_SEARCH_PATHS = (
					"$(inherited)",
					"@executable_path/Frameworks",
					"@executable_path/../../Frameworks",
				);
				MARKETING_VERSION = 1.0;
				PRODUCT_BUNDLE_IDENTIFIER = jp.co.lilossa.CoreDataWidgetFirstPractice.CoreDataWidget;
				PRODUCT_NAME = "$(TARGET_NAME)";
				SKIP_INSTALL = YES;
				SWIFT_EMIT_LOC_STRINGS = YES;
				SWIFT_VERSION = 5.0;
				TARGETED_DEVICE_FAMILY = "1,2";
			};
			name = Debug;
		};
		97268C1A29A89BEF0006AF55 /* Release */ = {
			isa = XCBuildConfiguration;
			buildSettings = {
				ASSETCATALOG_COMPILER_GLOBAL_ACCENT_COLOR_NAME = AccentColor;
				ASSETCATALOG_COMPILER_WIDGET_BACKGROUND_COLOR_NAME = WidgetBackground;
				CODE_SIGN_ENTITLEMENTS = CoreDataWidgetExtension.entitlements;
				CODE_SIGN_STYLE = Automatic;
				CURRENT_PROJECT_VERSION = 1;
				DEVELOPMENT_TEAM = 2V4975L824;
				GENERATE_INFOPLIST_FILE = YES;
				INFOPLIST_FILE = CoreDataWidget/Info.plist;
				INFOPLIST_KEY_CFBundleDisplayName = CoreDataWidget;
				INFOPLIST_KEY_NSHumanReadableCopyright = "";
				LD_RUNPATH_SEARCH_PATHS = (
					"$(inherited)",
					"@executable_path/Frameworks",
					"@executable_path/../../Frameworks",
				);
				MARKETING_VERSION = 1.0;
				PRODUCT_BUNDLE_IDENTIFIER = jp.co.lilossa.CoreDataWidgetFirstPractice.CoreDataWidget;
				PRODUCT_NAME = "$(TARGET_NAME)";
				SKIP_INSTALL = YES;
				SWIFT_EMIT_LOC_STRINGS = YES;
				SWIFT_VERSION = 5.0;
				TARGETED_DEVICE_FAMILY = "1,2";
			};
			name = Release;
		};
		97AE5E1D29CC4E47005E7A50 /* Debug */ = {
			isa = XCBuildConfiguration;
			buildSettings = {
				CODE_SIGN_ENTITLEMENTS = CoreDataIntent/CoreDataIntent.entitlements;
				CODE_SIGN_STYLE = Automatic;
				CURRENT_PROJECT_VERSION = 1;
				DEVELOPMENT_TEAM = 2V4975L824;
				GENERATE_INFOPLIST_FILE = YES;
				INFOPLIST_FILE = CoreDataIntent/Info.plist;
				INFOPLIST_KEY_CFBundleDisplayName = CoreDataIntent;
				INFOPLIST_KEY_NSHumanReadableCopyright = "";
				LD_RUNPATH_SEARCH_PATHS = (
					"$(inherited)",
					"@executable_path/Frameworks",
					"@executable_path/../../Frameworks",
				);
				MARKETING_VERSION = 1.0;
				PRODUCT_BUNDLE_IDENTIFIER = jp.co.lilossa.CoreDataWidgetFirstPractice.CoreDataIntent;
				PRODUCT_NAME = "$(TARGET_NAME)";
				SKIP_INSTALL = YES;
				SWIFT_EMIT_LOC_STRINGS = YES;
				SWIFT_VERSION = 5.0;
				TARGETED_DEVICE_FAMILY = "1,2";
			};
			name = Debug;
		};
		97AE5E1E29CC4E47005E7A50 /* Release */ = {
			isa = XCBuildConfiguration;
			buildSettings = {
				CODE_SIGN_ENTITLEMENTS = CoreDataIntent/CoreDataIntent.entitlements;
				CODE_SIGN_STYLE = Automatic;
				CURRENT_PROJECT_VERSION = 1;
				DEVELOPMENT_TEAM = 2V4975L824;
				GENERATE_INFOPLIST_FILE = YES;
				INFOPLIST_FILE = CoreDataIntent/Info.plist;
				INFOPLIST_KEY_CFBundleDisplayName = CoreDataIntent;
				INFOPLIST_KEY_NSHumanReadableCopyright = "";
				LD_RUNPATH_SEARCH_PATHS = (
					"$(inherited)",
					"@executable_path/Frameworks",
					"@executable_path/../../Frameworks",
				);
				MARKETING_VERSION = 1.0;
				PRODUCT_BUNDLE_IDENTIFIER = jp.co.lilossa.CoreDataWidgetFirstPractice.CoreDataIntent;
				PRODUCT_NAME = "$(TARGET_NAME)";
				SKIP_INSTALL = YES;
				SWIFT_EMIT_LOC_STRINGS = YES;
				SWIFT_VERSION = 5.0;
				TARGETED_DEVICE_FAMILY = "1,2";
			};
			name = Release;
		};
/* End XCBuildConfiguration section */

/* Begin XCConfigurationList section */
		97268BE829A89ABF0006AF55 /* Build configuration list for PBXProject "CoreDataWidgetFirstPractice" */ = {
			isa = XCConfigurationList;
			buildConfigurations = (
				97268BFE29A89AC00006AF55 /* Debug */,
				97268BFF29A89AC00006AF55 /* Release */,
			);
			defaultConfigurationIsVisible = 0;
			defaultConfigurationName = Release;
		};
		97268C0029A89AC00006AF55 /* Build configuration list for PBXNativeTarget "CoreDataWidgetFirstPractice" */ = {
			isa = XCConfigurationList;
			buildConfigurations = (
				97268C0129A89AC00006AF55 /* Debug */,
				97268C0229A89AC00006AF55 /* Release */,
			);
			defaultConfigurationIsVisible = 0;
			defaultConfigurationName = Release;
		};
		97268C1829A89BEF0006AF55 /* Build configuration list for PBXNativeTarget "CoreDataWidgetExtension" */ = {
			isa = XCConfigurationList;
			buildConfigurations = (
				97268C1929A89BEF0006AF55 /* Debug */,
				97268C1A29A89BEF0006AF55 /* Release */,
			);
			defaultConfigurationIsVisible = 0;
			defaultConfigurationName = Release;
		};
		97AE5E1C29CC4E47005E7A50 /* Build configuration list for PBXNativeTarget "CoreDataIntent" */ = {
			isa = XCConfigurationList;
			buildConfigurations = (
				97AE5E1D29CC4E47005E7A50 /* Debug */,
				97AE5E1E29CC4E47005E7A50 /* Release */,
			);
			defaultConfigurationIsVisible = 0;
			defaultConfigurationName = Release;
		};
/* End XCConfigurationList section */

/* Begin XCVersionGroup section */
		97268BFB29A89AC00006AF55 /* CoreDataWidgetFirstPractice.xcdatamodeld */ = {
			isa = XCVersionGroup;
			children = (
				97268BFC29A89AC00006AF55 /* CoreDataWidgetFirstPractice.xcdatamodel */,
			);
			currentVersion = 97268BFC29A89AC00006AF55 /* CoreDataWidgetFirstPractice.xcdatamodel */;
			path = CoreDataWidgetFirstPractice.xcdatamodeld;
			sourceTree = "<group>";
			versionGroupType = wrapper.xcdatamodel;
		};
/* End XCVersionGroup section */
	};
	rootObject = 97268BE529A89ABF0006AF55 /* Project object */;
}
